{
  "name": "personal-website",
  "lockfileVersion": 2,
  "requires": true,
  "packages": {
    "": {
      "dependencies": {
        "A": "^0.0.1",
        "bootstrap": "^3.4.1",
        "jquery": "^3.6.0"
      }
    },
    "node_modules/A": {
      "version": "0.0.1",
      "resolved": "https://registry.npmjs.org/A/-/A-0.0.1.tgz",
      "integrity": "sha1-RSjCGwCoesCqxVqDYPT3iq4/E1s=",
      "dependencies": {
        "litmus": ">=0.4.0"
      },
      "engines": {
        "node": "*"
      }
    },
    "node_modules/bootstrap": {
      "version": "3.4.1",
      "resolved": "https://registry.npmjs.org/bootstrap/-/bootstrap-3.4.1.tgz",
      "integrity": "sha512-yN5oZVmRCwe5aKwzRj6736nSmKDX7pLYwsXiCj/EYmo16hODaBiT4En5btW/jhBF/seV+XMx3aYwukYC3A49DA==",
      "engines": {
        "node": ">=6"
      }
    },
    "node_modules/jquery": {
      "version": "3.6.0",
      "resolved": "https://registry.npmjs.org/jquery/-/jquery-3.6.0.tgz",
      "integrity": "sha512-JVzAR/AjBvVt2BmYhxRCSYysDsPcssdmTFnzyLEts9qNwmjmu4JTAMYubEfwVOSwpQ1I1sKKFcxhZCI2buerfw=="
    },
    "node_modules/litmus": {
      "version": "0.7.0",
      "resolved": "https://registry.npmjs.org/litmus/-/litmus-0.7.0.tgz",
      "integrity": "sha1-JsxEiEIz5ajcdn/ZS1SyxtDu/8c=",
      "dependencies": {
        "promised-io": ">= 0.2.3"
      },
      "bin": {
        "litmus": "bin/litmus"
      },
      "engines": {
        "node": ">= 0.4.7"
      }
    },
    "node_modules/promised-io": {
      "version": "0.3.6",
      "resolved": "https://registry.npmjs.org/promised-io/-/promised-io-0.3.6.tgz",
      "integrity": "sha512-bNwZusuNIW4m0SPR8jooSyndD35ggirHlxVl/UhIaZD/F0OBv9ebfc6tNmbpZts3QXHggkjIBH8lvtnzhtcz0A=="
    }
  },
  "dependencies": {
    "A": {
      "version": "0.0.1",
      "resolved": "https://registry.npmjs.org/A/-/A-0.0.1.tgz",
      "integrity": "sha1-RSjCGwCoesCqxVqDYPT3iq4/E1s=",
      "requires": {
        "litmus": ">=0.4.0"
      }
    },
    "bootstrap": {
      "version": "3.4.1",
      "resolved": "https://registry.npmjs.org/bootstrap/-/bootstrap-3.4.1.tgz",
      "integrity": "sha512-yN5oZVmRCwe5aKwzRj6736nSmKDX7pLYwsXiCj/EYmo16hODaBiT4En5btW/jhBF/seV+XMx3aYwukYC3A49DA=="
    },
    "jquery": {
      "version": "3.6.0",
      "resolved": "https://registry.npmjs.org/jquery/-/jquery-3.6.0.tgz",
      "integrity": "sha512-JVzAR/AjBvVt2BmYhxRCSYysDsPcssdmTFnzyLEts9qNwmjmu4JTAMYubEfwVOSwpQ1I1sKKFcxhZCI2buerfw=="
    },
    "litmus": {
      "version": "0.7.0",
      "resolved": "https://registry.npmjs.org/litmus/-/litmus-0.7.0.tgz",
      "integrity": "sha1-JsxEiEIz5ajcdn/ZS1SyxtDu/8c=",
      "requires": {
        "promised-io": ">= 0.2.3"
      }
    },
    "promised-io": {
      "version": "0.3.6",
      "resolved": "https://registry.npmjs.org/promised-io/-/promised-io-0.3.6.tgz",
      "integrity": "sha512-bNwZusuNIW4m0SPR8jooSyndD35ggirHlxVl/UhIaZD/F0OBv9ebfc6tNmbpZts3QXHggkjIBH8lvtnzhtcz0A=="
    }
  }
}
